
Microsoft Visual Studio Solution File, Format Version 12.00
# Visual Studio Version 17
VisualStudioVersion = 17.3.32811.315
MinimumVisualStudioVersion = 10.0.40219.1
Project("{FAE04EC0-301F-11D3-BF4B-00C04F79EFBC}") = "TcpClient", "TcpClient\TcpClient.csproj", "{D44238EA-D4F7-4E6E-A80F-2B96DD18BFF5}"
EndProject
Project("{FAE04EC0-301F-11D3-BF4B-00C04F79EFBC}") = "TcpServer", "TcpServer\TcpServer.csproj", "{B9EC8FB4-6A3A-4A62-9363-EEC5BDEE17B3}"
EndProject
Global
	GlobalSection(SolutionConfigurationPlatforms) = preSolution
		Debug|Any CPU = Debug|Any CPU
		Release|Any CPU = Release|Any CPU
	EndGlobalSection
	GlobalSection(ProjectConfigurationPlatforms) = postSolution
		{D44238EA-D4F7-4E6E-A80F-2B96DD18BFF5}.Debug|Any CPU.ActiveCfg = Debug|Any CPU
		{D44238EA-D4F7-4E6E-A80F-2B96DD18BFF5}.Debug|Any CPU.Build.0 = Debug|Any CPU
		{D44238EA-D4F7-4E6E-A80F-2B96DD18BFF5}.Release|Any CPU.ActiveCfg = Release|Any CPU
		{D44238EA-D4F7-4E6E-A80F-2B96DD18BFF5}.Release|Any CPU.Build.0 = Release|Any CPU
		{B9EC8FB4-6A3A-4A62-9363-EEC5BDEE17B3}.Debug|Any CPU.ActiveCfg = Debug|Any CPU
		{B9EC8FB4-6A3A-4A62-9363-EEC5BDEE17B3}.Debug|Any CPU.Build.0 = Debug|Any CPU
		{B9EC8FB4-6A3A-4A62-9363-EEC5BDEE17B3}.Release|Any CPU.ActiveCfg = Release|Any CPU
		{B9EC8FB4-6A3A-4A62-9363-EEC5BDEE17B3}.Release|Any CPU.Build.0 = Release|Any CPU
	EndGlobalSection
	GlobalSection(SolutionProperties) = preSolution
		HideSolutionNode = FALSE
	EndGlobalSection
	GlobalSection(ExtensibilityGlobals) = postSolution
		SolutionGuid = {CCC3F63C-79F1-496D-8990-D4F675BF3775}
	EndGlobalSection
EndGlobal
